{
  "version": "5",
  "redirects": {
    "https://esm.sh/@supabase/supabase-js@2": "https://esm.sh/@supabase/supabase-js@2.112.3"
  },
  "remote": {
    "https://esm.sh/@supabase/supabase-js@2.112.3": "f6b9130984301066587e8917dfab3b3d60be47dc966bd3d04c733bc9423c1cf9"
  },
  "workspace": {
    "packageJson": {
      "dependencies": [
        "npm:@serwist/next@^9.5.7",
        "npm:@supabase/ssr@0.9",
        "npm:@supabase/supabase-js@^2.99.2",
        "npm:@tailwindcss/postcss@4",
        "npm:@types/node@20",
        "npm:@types/react-dom@19",
        "npm:@types/react@19",
        "npm:babel-plugin-react-compiler@1.0.0",
        "npm:eslint-config-next@16.1.7",
        "npm:eslint@9",
        "npm:html5-qrcode@^2.3.8",
        "npm:lucide-react@0.577",
        "npm:next@16.1.7",
        "npm:openai@^6.34.0",
        "npm:react-dom@19.2.3",
        "npm:react@19.2.3",
        "npm:recharts@^3.8.0",
        "npm:swr@^2.4.1",
        "npm:tailwindcss@4",
        "npm:typescript@5"
      ]
    }
  }
}
